hash: 844156b95c1baabe0640b8f4b9e569ed8563d853bbfc0b1e6177b6876d2d1f3a
updated: 2016-12-18T16:33:13.96459569-02:00
imports:
- name: github.com/docopt/docopt-go
  version: 784ddc588536785e7299f7272f39101f7faccc3f
- name: github.com/fatih/color
  version: bf82308e8c8546dc2b945157173eb8a959ae9505
- name: github.com/go-yaml/yaml
  version: a5b47d31c556af34a302ce5d659e6fea44d90de0
- name: github.com/jinzhu/gorm
  version: 0f2ceb5a775714a46bc344976324e3e439f8cdcc
  subpackages:
  - dialects/postgres
- name: github.com/jinzhu/inflection
  version: 74387dc39a75e970e7a3ae6a3386b5bd2e5c5cff
- name: github.com/lib/pq
  version: 4a82388ebc5138c8289fe9bc602cb0b3e32cd617
  subpackages:
  - hstore
  - oid
- name: github.com/mattes/migrate
  version: ce1b59bb819416ca67422929b1cb48bb342720b6
  subpackages:
  - driver
  - driver/postgres
  - file
  - migrate
  - migrate/direction
  - pipe
- name: github.com/mattn/go-colorable
  version: d228849504861217f796da67fae4f6e347643f15
- name: github.com/mattn/go-isatty
  version: 30a891c33c7cde7b02a981314b4228ec99380cca
- name: github.com/o1egl/gormrus
  version: 57710b0229272260f1fa2b31838a0dc4baa22a0a
- name: github.com/Sirupsen/logrus
  version: d26492970760ca5d33129d2d799e34be5c4782eb
- name: golang.org/x/sys
  version: d75a52659825e75fff6158388dddc6a5b04f9ba5
  subpackages:
  - unix
- name: gopkg.in/bsm/ratelimit.v1
  version: db14e161995a5177acef654cb0dd785e8ee8bc22
- name: gopkg.in/redis.v5
  version: c6acf2ed159b22defbd9f077686cff03eba1e9b3
  subpackages:
  - internal
  - internal/consistenthash
  - internal/hashtag
  - internal/pool
  - internal/proto
testImports:
- name: github.com/davecgh/go-spew
  version: 04cdfd42973bb9c8589fd6a731800cf222fde1a9
  subpackages:
  - spew
- name: github.com/pmezard/go-difflib
  version: d8ed2627bdf02c080bf22230dbb337003b7aba2d
  subpackages:
  - difflib
- name: github.com/stretchr/testify
  version: 2402e8e7a02fc811447d11f881aa9746cdc57983
  subpackages:
  - assert
  - require
  - suite
